{
  "name": "4__BegumYachting",
  "lockfileVersion": 3,
  "requires": true,
  "packages": {
    "": {
      "dependencies": {
        "datatables.net": "^2.0.0",
        "datatables.net-dt": "^2.0.0"
      }
    },
    "node_modules/datatables.net": {
      "version": "2.0.0",
      "resolved": "https://registry.npmjs.org/datatables.net/-/datatables.net-2.0.0.tgz",
      "integrity": "sha512-HKndZD/qHNZyAhAyC1Bs8S+H652HedZK76xYAjzXR3xDohvxomJ8iWevsoRV4MvHSPgx8GQl3PAdBNpUvn0xJg==",
      "dependencies": {
        "jquery": ">=1.7"
      }
    },
    "node_modules/datatables.net-dt": {
      "version": "2.0.0",
      "resolved": "https://registry.npmjs.org/datatables.net-dt/-/datatables.net-dt-2.0.0.tgz",
      "integrity": "sha512-nagIToKl+RHWMmrqTZUj/0fvKNhZoKuA9L0pidiyaSTxlwh3hfXXZXPgnVAyN0y5OrZvhQrIo0G/3r1phFGpeg==",
      "dependencies": {
        "datatables.net": "2.0.0",
        "jquery": ">=1.7"
      }
    },
    "node_modules/jquery": {
      "version": "3.7.1",
      "resolved": "https://registry.npmjs.org/jquery/-/jquery-3.7.1.tgz",
      "integrity": "sha512-m4avr8yL8kmFN8psrbFFFmB/If14iN5o9nw/NgnnM+kybDJpRsAynV2BsfpTYrTRysYUdADVD7CkUUizgkpLfg=="
    }
  }
}
